<?xml version="1.0" encoding="utf-8"?>
<Project ToolsVersion="4.0" xmlns="http://schemas.microsoft.com/developer/msbuild/2003">
  <ItemGroup>
    <Filter Include="ソース ファイル">
      <UniqueIdentifier>{4FC737F1-C7A5-4376-A066-2A32D752A2FF}</UniqueIdentifier>
      <Extensions>cpp;c;cc;cxx;def;odl;idl;hpj;bat;asm;asmx</Extensions>
    </Filter>
    <Filter Include="ヘッダー ファイル">
      <UniqueIdentifier>{93995380-89BD-4b04-88EB-625FBE52EBFB}</UniqueIdentifier>
      <Extensions>h;hh;hpp;hxx;hm;inl;inc;ipp;xsd</Extensions>
    </Filter>
    <Filter Include="リソース ファイル">
      <UniqueIdentifier>{67DA6AB6-F800-4c08-8B7A-83BB121AAD01}</UniqueIdentifier>
      <Extensions>rc;ico;cur;bmp;dlg;rc2;rct;bin;rgs;gif;jpg;jpeg;jpe;resx;tiff;tif;png;wav;mfcribbon-ms</Extensions>
    </Filter>
    <Filter Include="ソース ファイル\CommonClass">
      <UniqueIdentifier>{ef6de127-5cde-49d2-9f8c-ffe6cea28c08}</UniqueIdentifier>
    </Filter>
    <Filter Include="ソース ファイル\BaseClass">
      <UniqueIdentifier>{4a6a7aae-632b-4b7c-9671-36fb469524d4}</UniqueIdentifier>
    </Filter>
    <Filter Include="ソース ファイル\Manager">
      <UniqueIdentifier>{3f5eef5e-220c-4289-ab71-6fc46b6df379}</UniqueIdentifier>
    </Filter>
    <Filter Include="ヘッダー ファイル\CommonClass">
      <UniqueIdentifier>{b9e212b5-4842-44fd-b719-2b0de520d963}</UniqueIdentifier>
    </Filter>
    <Filter Include="ヘッダー ファイル\BaseClass">
      <UniqueIdentifier>{4013932f-6b7e-42b2-8224-0da1f44e92dc}</UniqueIdentifier>
    </Filter>
    <Filter Include="ヘッダー ファイル\Manager">
      <UniqueIdentifier>{e8e89c94-9f45-4514-ab0a-0b0fc8929b10}</UniqueIdentifier>
    </Filter>
    <Filter Include="ヘッダー ファイル\Components">
      <UniqueIdentifier>{7497717a-3ff6-457f-864a-1d215fa72968}</UniqueIdentifier>
    </Filter>
    <Filter Include="ヘッダー ファイル\Scripts">
      <UniqueIdentifier>{c688cf9b-8e53-4e71-a81a-da21c04bef50}</UniqueIdentifier>
    </Filter>
    <Filter Include="ソース ファイル\Components">
      <UniqueIdentifier>{826ac6ce-75a6-44fb-beae-17e73385ffae}</UniqueIdentifier>
    </Filter>
    <Filter Include="ソース ファイル\Scripts">
      <UniqueIdentifier>{fc421a19-61e9-43a5-9977-1dab0f09ca9d}</UniqueIdentifier>
    </Filter>
    <Filter Include="ソース ファイル\Scenes">
      <UniqueIdentifier>{3a9c8f4b-2edf-4c7d-8093-8886d4aa3374}</UniqueIdentifier>
    </Filter>
    <Filter Include="ヘッダー ファイル\Scenes">
      <UniqueIdentifier>{9e0bb4cd-5f90-4cc7-b22a-c439db067e80}</UniqueIdentifier>
    </Filter>
    <Filter Include="ヘッダー ファイル\Scripts\Run">
      <UniqueIdentifier>{a5d95075-b21e-4c0e-8c96-13a4475e62bb}</UniqueIdentifier>
    </Filter>
    <Filter Include="ソース ファイル\Scripts\Run">
      <UniqueIdentifier>{675f7120-d37d-49c3-8d36-72a2250b61ac}</UniqueIdentifier>
    </Filter>
    <Filter Include="ヘッダー ファイル\Scripts\Title">
      <UniqueIdentifier>{38453c25-1a22-480d-8b42-628b844d5ccf}</UniqueIdentifier>
    </Filter>
    <Filter Include="ソース ファイル\Scripts\Title">
      <UniqueIdentifier>{9d30c669-0bee-4a2f-b5ba-32f9bc8a2a1d}</UniqueIdentifier>
    </Filter>
    <Filter Include="ソース ファイル\Scenes\Run">
      <UniqueIdentifier>{e0de87ae-aaf7-4941-b4d9-c1ae2055258f}</UniqueIdentifier>
    </Filter>
    <Filter Include="ソース ファイル\Scenes\MegatonPunch">
      <UniqueIdentifier>{7bfe82f9-6342-4a0f-9c9a-19d9737d2d38}</UniqueIdentifier>
    </Filter>
    <Filter Include="ソース ファイル\Scripts\MegatonPunch">
      <UniqueIdentifier>{2828601e-f7c9-4427-82cc-0ade4da2a4ad}</UniqueIdentifier>
    </Filter>
    <Filter Include="ヘッダー ファイル\Scripts\MegatonPunch">
      <UniqueIdentifier>{6dcbfef0-d013-465b-ba5e-3124ffaeb502}</UniqueIdentifier>
    </Filter>
    <Filter Include="ソース ファイル\Scenes\Title">
      <UniqueIdentifier>{aaec3c1d-f828-4a4f-83c2-f2108c1fd7b7}</UniqueIdentifier>
    </Filter>
    <Filter Include="ヘッダー ファイル\Scenes\Run">
      <UniqueIdentifier>{fa2b0f36-83cc-4e36-97f3-4b522b6bec29}</UniqueIdentifier>
    </Filter>
    <Filter Include="ヘッダー ファイル\Scenes\Title">
      <UniqueIdentifier>{145707c7-c9da-4c25-9d7f-ec9128a3fd80}</UniqueIdentifier>
    </Filter>
    <Filter Include="ヘッダー ファイル\Scenes\MegatonPunch">
      <UniqueIdentifier>{956be611-dd80-4b5f-a5ce-06e03ac13093}</UniqueIdentifier>
    </Filter>
    <Filter Include="ソース ファイル\Scenes\Archery">
      <UniqueIdentifier>{55c5d9dd-68c2-458e-adb2-9d8a69deaa19}</UniqueIdentifier>
    </Filter>
    <Filter Include="ヘッダー ファイル\Scenes\Archery">
      <UniqueIdentifier>{aba6f5cb-170b-4b1e-bda1-4da7b352640c}</UniqueIdentifier>
    </Filter>
    <Filter Include="ヘッダー ファイル\Scripts\Archery">
      <UniqueIdentifier>{994c13fe-ee69-4f49-8241-59f8d697a632}</UniqueIdentifier>
    </Filter>
    <Filter Include="ソース ファイル\Scripts\Archery">
      <UniqueIdentifier>{ba895d6a-5dc8-4668-a842-7b8c82614750}</UniqueIdentifier>
    </Filter>
  </ItemGroup>
  <ItemGroup>
    <ClCompile Include="main.cpp">
      <Filter>ソース ファイル</Filter>
    </ClCompile>
    <ClCompile Include="Color.cpp">
      <Filter>ソース ファイル\CommonClass</Filter>
    </ClCompile>
    <ClCompile Include="Component.cpp">
      <Filter>ソース ファイル\BaseClass</Filter>
    </ClCompile>
    <ClCompile Include="Object.cpp">
      <Filter>ソース ファイル\BaseClass</Filter>
    </ClCompile>
    <ClCompile Include="Scene.cpp">
      <Filter>ソース ファイル\BaseClass</Filter>
    </ClCompile>
    <ClCompile Include="ScriptBase.cpp">
      <Filter>ソース ファイル\BaseClass</Filter>
    </ClCompile>
    <ClCompile Include="VisualComponent.cpp">
      <Filter>ソース ファイル\BaseClass</Filter>
    </ClCompile>
    <ClCompile Include="LogWriter.cpp">
      <Filter>ソース ファイル\Manager</Filter>
    </ClCompile>
    <ClCompile Include="ObjectManager.cpp">
      <Filter>ソース ファイル\Manager</Filter>
    </ClCompile>
    <ClCompile Include="SaveManager.cpp">
      <Filter>ソース ファイル\Manager</Filter>
    </ClCompile>
    <ClCompile Include="SceneManager.cpp">
      <Filter>ソース ファイル\Manager</Filter>
    </ClCompile>
    <ClCompile Include="Time.cpp">
      <Filter>ソース ファイル\Manager</Filter>
    </ClCompile>
    <ClCompile Include="Texture.cpp">
      <Filter>ソース ファイル\CommonClass</Filter>
    </ClCompile>
    <ClCompile Include="Input.cpp">
      <Filter>ソース ファイル\Manager</Filter>
    </ClCompile>
    <ClCompile Include="MyDirect3D.cpp">
      <Filter>ソース ファイル\Manager</Filter>
    </ClCompile>
    <ClCompile Include="Sprite.cpp">
      <Filter>ソース ファイル\Components</Filter>
    </ClCompile>
    <ClCompile Include="GameObject.cpp">
      <Filter>ソース ファイル\BaseClass</Filter>
    </ClCompile>
    <ClCompile Include="Text.cpp">
      <Filter>ソース ファイル\Components</Filter>
    </ClCompile>
    <ClCompile Include="PlayerRun.cpp">
      <Filter>ソース ファイル\Scripts\Run</Filter>
    </ClCompile>
    <ClCompile Include="ChargeGaugeRun.cpp">
      <Filter>ソース ファイル\Scripts\Run</Filter>
    </ClCompile>
    <ClCompile Include="BalloonRun.cpp">
      <Filter>ソース ファイル\Scripts\Run</Filter>
    </ClCompile>
    <ClCompile Include="TitleAnimation.cpp">
      <Filter>ソース ファイル\Scripts\Title</Filter>
    </ClCompile>
    <ClCompile Include="VariableManager.cpp">
      <Filter>ソース ファイル\Manager</Filter>
    </ClCompile>
    <ClCompile Include="Run.cpp">
      <Filter>ソース ファイル\Scenes\Run</Filter>
    </ClCompile>
    <ClCompile Include="RunTitleAnimation.cpp">
      <Filter>ソース ファイル\Scripts\Run</Filter>
    </ClCompile>
    <ClCompile Include="RunManual.cpp">
      <Filter>ソース ファイル\Scripts\Run</Filter>
    </ClCompile>
    <ClCompile Include="AudioSource.cpp">
      <Filter>ソース ファイル\Components</Filter>
    </ClCompile>
    <ClCompile Include="AudioClip.cpp">
      <Filter>ソース ファイル</Filter>
    </ClCompile>
    <ClCompile Include="RunTitle.cpp">
      <Filter>ソース ファイル\Scenes\Run</Filter>
    </ClCompile>
    <ClCompile Include="Title.cpp">
      <Filter>ソース ファイル\Scenes\Title</Filter>
    </ClCompile>
    <ClCompile Include="RunResult.cpp">
      <Filter>ソース ファイル\Scenes\Run</Filter>
    </ClCompile>
    <ClCompile Include="MegatonPunch.cpp">
      <Filter>ソース ファイル\Scenes\MegatonPunch</Filter>
    </ClCompile>
    <ClCompile Include="PlayerPunch.cpp">
      <Filter>ソース ファイル\Scripts\MegatonPunch</Filter>
    </ClCompile>
    <ClCompile Include="AimingPunch.cpp">
      <Filter>ソース ファイル\Scripts\MegatonPunch</Filter>
    </ClCompile>
    <ClCompile Include="GaugePunch.cpp">
      <Filter>ソース ファイル\Scripts\MegatonPunch</Filter>
    </ClCompile>
    <ClCompile Include="PendulumPunch.cpp">
      <Filter>ソース ファイル\Scripts\MegatonPunch</Filter>
    </ClCompile>
    <ClCompile Include="SelectCharacter.cpp">
      <Filter>ソース ファイル\Scenes\Title</Filter>
    </ClCompile>
    <ClCompile Include="MegatonPunchTitle.cpp">
      <Filter>ソース ファイル\Scenes\MegatonPunch</Filter>
    </ClCompile>
    <ClCompile Include="Rule.cpp">
      <Filter>ソース ファイル\Scenes\Title</Filter>
    </ClCompile>
    <ClCompile Include="Archery.cpp">
      <Filter>ソース ファイル\Scenes\Archery</Filter>
    </ClCompile>
    <ClCompile Include="ArcheryTitle.cpp">
      <Filter>ソース ファイル\Scenes\Archery</Filter>
    </ClCompile>
    <ClCompile Include="MegatonPunchResult.cpp">
      <Filter>ソース ファイル\Scenes\MegatonPunch</Filter>
    </ClCompile>
    <ClCompile Include="ArcheryResult.cpp">
      <Filter>ソース ファイル\Scenes\Archery</Filter>
    </ClCompile>
    <ClCompile Include="SelectPlayerCount.cpp">
      <Filter>ソース ファイル\Scenes\Title</Filter>
    </ClCompile>
    <ClCompile Include="BalloonArchery.cpp">
      <Filter>ソース ファイル\Scripts\Archery</Filter>
    </ClCompile>
  </ItemGroup>
  <ItemGroup>
    <ClInclude Include="main.h">
      <Filter>ヘッダー ファイル</Filter>
    </ClInclude>
    <ClInclude Include="Color.h">
      <Filter>ヘッダー ファイル\CommonClass</Filter>
    </ClInclude>
    <ClInclude Include="Vector2.h">
      <Filter>ヘッダー ファイル\CommonClass</Filter>
    </ClInclude>
    <ClInclude Include="Vector3.h">
      <Filter>ヘッダー ファイル\CommonClass</Filter>
    </ClInclude>
    <ClInclude Include="Component.h">
      <Filter>ヘッダー ファイル\BaseClass</Filter>
    </ClInclude>
    <ClInclude Include="Object.h">
      <Filter>ヘッダー ファイル\BaseClass</Filter>
    </ClInclude>
    <ClInclude Include="Scene.h">
      <Filter>ヘッダー ファイル\BaseClass</Filter>
    </ClInclude>
    <ClInclude Include="ScriptBase.h">
      <Filter>ヘッダー ファイル\BaseClass</Filter>
    </ClInclude>
    <ClInclude Include="Singleton.h">
      <Filter>ヘッダー ファイル\BaseClass</Filter>
    </ClInclude>
    <ClInclude Include="VisualComponent.h">
      <Filter>ヘッダー ファイル\BaseClass</Filter>
    </ClInclude>
    <ClInclude Include="LogWriter.h">
      <Filter>ヘッダー ファイル\Manager</Filter>
    </ClInclude>
    <ClInclude Include="ObjectManager.h">
      <Filter>ヘッダー ファイル\Manager</Filter>
    </ClInclude>
    <ClInclude Include="SaveManager.h">
      <Filter>ヘッダー ファイル\Manager</Filter>
    </ClInclude>
    <ClInclude Include="SceneManager.h">
      <Filter>ヘッダー ファイル\Manager</Filter>
    </ClInclude>
    <ClInclude Include="Time.h">
      <Filter>ヘッダー ファイル\Manager</Filter>
    </ClInclude>
    <ClInclude Include="Setting.h">
      <Filter>ヘッダー ファイル\Manager</Filter>
    </ClInclude>
    <ClInclude Include="Input.h">
      <Filter>ヘッダー ファイル\Manager</Filter>
    </ClInclude>
    <ClInclude Include="Texture.h">
      <Filter>ヘッダー ファイル\CommonClass</Filter>
    </ClInclude>
    <ClInclude Include="MyDirect3D.h">
      <Filter>ヘッダー ファイル\Manager</Filter>
    </ClInclude>
    <ClInclude Include="Sprite.h">
      <Filter>ヘッダー ファイル\Components</Filter>
    </ClInclude>
    <ClInclude Include="GameObject.h">
      <Filter>ヘッダー ファイル\BaseClass</Filter>
    </ClInclude>
    <ClInclude Include="Text.h">
      <Filter>ヘッダー ファイル\Components</Filter>
    </ClInclude>
    <ClInclude Include="PlayerRun.h">
      <Filter>ヘッダー ファイル\Scripts\Run</Filter>
    </ClInclude>
    <ClInclude Include="ChargeGaugeRun.h">
      <Filter>ヘッダー ファイル\Scripts\Run</Filter>
    </ClInclude>
    <ClInclude Include="BalloonRun.h">
      <Filter>ヘッダー ファイル\Scripts\Run</Filter>
    </ClInclude>
    <ClInclude Include="VariableManager.h">
      <Filter>ヘッダー ファイル\Manager</Filter>
    </ClInclude>
    <ClInclude Include="TitleAnimation.h">
      <Filter>ヘッダー ファイル\Scripts\Title</Filter>
    </ClInclude>
    <ClInclude Include="RunManual.h">
      <Filter>ヘッダー ファイル\Scripts\Run</Filter>
    </ClInclude>
    <ClInclude Include="RunTitleAnimation.h">
      <Filter>ヘッダー ファイル\Scripts\Run</Filter>
    </ClInclude>
    <ClInclude Include="HeroEngine.h">
      <Filter>ヘッダー ファイル\Manager</Filter>
    </ClInclude>
    <ClInclude Include="AudioSource.h">
      <Filter>ヘッダー ファイル\Components</Filter>
    </ClInclude>
    <ClInclude Include="AudioClip.h">
      <Filter>ヘッダー ファイル</Filter>
    </ClInclude>
    <ClInclude Include="Run.h">
      <Filter>ヘッダー ファイル\Scenes\Run</Filter>
    </ClInclude>
    <ClInclude Include="RunResult.h">
      <Filter>ヘッダー ファイル\Scenes\Run</Filter>
    </ClInclude>
    <ClInclude Include="RunTitle.h">
      <Filter>ヘッダー ファイル\Scenes\Run</Filter>
    </ClInclude>
    <ClInclude Include="Title.h">
      <Filter>ヘッダー ファイル\Scenes\Title</Filter>
    </ClInclude>
    <ClInclude Include="MegatonPunch.h">
      <Filter>ヘッダー ファイル\Scenes\MegatonPunch</Filter>
    </ClInclude>
    <ClInclude Include="PlayerPunch.h">
      <Filter>ヘッダー ファイル\Scripts\MegatonPunch</Filter>
    </ClInclude>
    <ClInclude Include="GaugePunch.h">
      <Filter>ヘッダー ファイル\Scripts\MegatonPunch</Filter>
    </ClInclude>
    <ClInclude Include="AimingPunch.h">
      <Filter>ヘッダー ファイル\Scripts\MegatonPunch</Filter>
    </ClInclude>
    <ClInclude Include="PendulumPunch.h">
      <Filter>ヘッダー ファイル\Scripts\MegatonPunch</Filter>
    </ClInclude>
    <ClInclude Include="Player.h">
      <Filter>ヘッダー ファイル\Scenes</Filter>
    </ClInclude>
    <ClInclude Include="SelectCharacter.h">
      <Filter>ヘッダー ファイル\Scenes\Title</Filter>
    </ClInclude>
    <ClInclude Include="MegatonPunchTitle.h">
      <Filter>ヘッダー ファイル\Scenes\MegatonPunch</Filter>
    </ClInclude>
    <ClInclude Include="Rule.h">
      <Filter>ヘッダー ファイル\Scenes\Title</Filter>
    </ClInclude>
    <ClInclude Include="Archery.h">
      <Filter>ヘッダー ファイル\Scenes\Archery</Filter>
    </ClInclude>
    <ClInclude Include="ArcheryTitle.h">
      <Filter>ヘッダー ファイル\Scenes\Archery</Filter>
    </ClInclude>
    <ClInclude Include="MegatonPunchResult.h">
      <Filter>ヘッダー ファイル\Scenes\MegatonPunch</Filter>
    </ClInclude>
    <ClInclude Include="ArcheryResult.h">
      <Filter>ヘッダー ファイル\Scenes\Archery</Filter>
    </ClInclude>
    <ClInclude Include="SelectPlayerCount.h">
      <Filter>ヘッダー ファイル\Scenes\Title</Filter>
    </ClInclude>
    <ClInclude Include="BalloonArchery.h">
      <Filter>ヘッダー ファイル\Scripts\Archery</Filter>
    </ClInclude>
  </ItemGroup>
</Project>